// !$*UTF8*$!
{
	archiveVersion = 1;
	classes = {
	};
	objectVersion = 56;
	objects = {

/* Begin PBXBuildFile section */
		2927E89D2A59893E00064BB7 /* AppDelegate.swift in Sources */ = {isa = PBXBuildFile; fileRef = 2927E89C2A59893E00064BB7 /* AppDelegate.swift */; };
		2927E89F2A59893E00064BB7 /* SceneDelegate.swift in Sources */ = {isa = PBXBuildFile; fileRef = 2927E89E2A59893E00064BB7 /* SceneDelegate.swift */; };
		2927E8A12A59893E00064BB7 /* ViewController.swift in Sources */ = {isa = PBXBuildFile; fileRef = 2927E8A02A59893E00064BB7 /* ViewController.swift */; };
		2927E8A42A59893E00064BB7 /* Main.storyboard in Resources */ = {isa = PBXBuildFile; fileRef = 2927E8A22A59893E00064BB7 /* Main.storyboard */; };
		2927E8A92A59893F00064BB7 /* LaunchScreen.storyboard in Resources */ = {isa = PBXBuildFile; fileRef = 2927E8A72A59893F00064BB7 /* LaunchScreen.storyboard */; };
		2927E8B42A59894000064BB7 /* RockPaperScissorsTests.swift in Sources */ = {isa = PBXBuildFile; fileRef = 2927E8B32A59894000064BB7 /* RockPaperScissorsTests.swift */; };
		2927E8BE2A59894000064BB7 /* RockPaperScissorsUITests.swift in Sources */ = {isa = PBXBuildFile; fileRef = 2927E8BD2A59894000064BB7 /* RockPaperScissorsUITests.swift */; };
		2927E8C02A59894000064BB7 /* RockPaperScissorsUITestsLaunchTests.swift in Sources */ = {isa = PBXBuildFile; fileRef = 2927E8BF2A59894000064BB7 /* RockPaperScissorsUITestsLaunchTests.swift */; };
		2927E8CF2A59B91300064BB7 /* Assets.xcassets in Resources */ = {isa = PBXBuildFile; fileRef = 2927E8CE2A59B91300064BB7 /* Assets.xcassets */; };
		29DD09012A5B0CA900D69859 /* Screenshot 2023-07-09 at 18.41.13.png in Resources */ = {isa = PBXBuildFile; fileRef = 29DD09002A5B0CA900D69859 /* Screenshot 2023-07-09 at 18.41.13.png */; };
		29E85A332A5AC83200078980 /* SecondScreenViewController.swift in Sources */ = {isa = PBXBuildFile; fileRef = 29E85A322A5AC83200078980 /* SecondScreenViewController.swift */; };
		29E85A352A5ADBFF00078980 /* MovementElement.swift in Sources */ = {isa = PBXBuildFile; fileRef = 29E85A342A5ADBFE00078980 /* MovementElement.swift */; };
		29E85A372A5ADC3500078980 /* GameResult.swift in Sources */ = {isa = PBXBuildFile; fileRef = 29E85A362A5ADC3500078980 /* GameResult.swift */; };
/* End PBXBuildFile section */

/* Begin PBXContainerItemProxy section */
		2927E8B02A59894000064BB7 /* PBXContainerItemProxy */ = {
			isa = PBXContainerItemProxy;
			containerPortal = 2927E8912A59893E00064BB7 /* Project object */;
			proxyType = 1;
			remoteGlobalIDString = 2927E8982A59893E00064BB7;
			remoteInfo = RockPaperScissors;
		};
		2927E8BA2A59894000064BB7 /* PBXContainerItemProxy */ = {
			isa = PBXContainerItemProxy;
			containerPortal = 2927E8912A59893E00064BB7 /* Project object */;
			proxyType = 1;
			remoteGlobalIDString = 2927E8982A59893E00064BB7;
			remoteInfo = RockPaperScissors;
		};
/* End PBXContainerItemProxy section */

/* Begin PBXFileReference section */
		2927E8992A59893E00064BB7 /* RockPaperScissors.app */ = {isa = PBXFileReference; explicitFileType = wrapper.application; includeInIndex = 0; path = RockPaperScissors.app; sourceTree = BUILT_PRODUCTS_DIR; };
		2927E89C2A59893E00064BB7 /* AppDelegate.swift */ = {isa = PBXFileReference; lastKnownFileType = sourcecode.swift; path = AppDelegate.swift; sourceTree = "<group>"; };
		2927E89E2A59893E00064BB7 /* SceneDelegate.swift */ = {isa = PBXFileReference; lastKnownFileType = sourcecode.swift; path = SceneDelegate.swift; sourceTree = "<group>"; };
		2927E8A02A59893E00064BB7 /* ViewController.swift */ = {isa = PBXFileReference; lastKnownFileType = sourcecode.swift; path = ViewController.swift; sourceTree = "<group>"; };
		2927E8A32A59893E00064BB7 /* Base */ = {isa = PBXFileReference; lastKnownFileType = file.storyboard; name = Base; path = Base.lproj/Main.storyboard; sourceTree = "<group>"; };
		2927E8A82A59893F00064BB7 /* Base */ = {isa = PBXFileReference; lastKnownFileType = file.storyboard; name = Base; path = Base.lproj/LaunchScreen.storyboard; sourceTree = "<group>"; };
		2927E8AA2A59893F00064BB7 /* Info.plist */ = {isa = PBXFileReference; lastKnownFileType = text.plist.xml; path = Info.plist; sourceTree = "<group>"; };
		2927E8AF2A59894000064BB7 /* RockPaperScissorsTests.xctest */ = {isa = PBXFileReference; explicitFileType = wrapper.cfbundle; includeInIndex = 0; path = RockPaperScissorsTests.xctest; sourceTree = BUILT_PRODUCTS_DIR; };
		2927E8B32A59894000064BB7 /* RockPaperScissorsTests.swift */ = {isa = PBXFileReference; lastKnownFileType = sourcecode.swift; path = RockPaperScissorsTests.swift; sourceTree = "<group>"; };
		2927E8B92A59894000064BB7 /* RockPaperScissorsUITests.xctest */ = {isa = PBXFileReference; explicitFileType = wrapper.cfbundle; includeInIndex = 0; path = RockPaperScissorsUITests.xctest; sourceTree = BUILT_PRODUCTS_DIR; };
		2927E8BD2A59894000064BB7 /* RockPaperScissorsUITests.swift */ = {isa = PBXFileReference; lastKnownFileType = sourcecode.swift; path = RockPaperScissorsUITests.swift; sourceTree = "<group>"; };
		2927E8BF2A59894000064BB7 /* RockPaperScissorsUITestsLaunchTests.swift */ = {isa = PBXFileReference; lastKnownFileType = sourcecode.swift; path = RockPaperScissorsUITestsLaunchTests.swift; sourceTree = "<group>"; };
		2927E8CE2A59B91300064BB7 /* Assets.xcassets */ = {isa = PBXFileReference; lastKnownFileType = folder.assetcatalog; name = Assets.xcassets; path = ../../../IOSWorkspace/LoginPage/LoginPage/Assets.xcassets; sourceTree = "<group>"; };
		29DD08F32A5B09C000D69859 /* readme.md */ = {isa = PBXFileReference; lastKnownFileType = net.daringfireball.markdown; path = readme.md; sourceTree = "<group>"; };
		29DD08FC2A5B0C5700D69859 /* Screenshot 2023-07-09 at 18.27.02.png */ = {isa = PBXFileReference; lastKnownFileType = image.png; path = "Screenshot 2023-07-09 at 18.27.02.png"; sourceTree = "<group>"; };
		29DD08FE2A5B0C5B00D69859 /* Screenshot 2023-07-09 at 18.27.31.png */ = {isa = PBXFileReference; lastKnownFileType = image.png; path = "Screenshot 2023-07-09 at 18.27.31.png"; sourceTree = "<group>"; };
		29DD08FF2A5B0C5D00D69859 /* Screenshot 2023-07-09 at 18.28.03.png */ = {isa = PBXFileReference; lastKnownFileType = image.png; path = "Screenshot 2023-07-09 at 18.28.03.png"; sourceTree = "<group>"; };
		29DD09002A5B0CA900D69859 /* Screenshot 2023-07-09 at 18.41.13.png */ = {isa = PBXFileReference; lastKnownFileType = image.png; name = "Screenshot 2023-07-09 at 18.41.13.png"; path = "../../Screenshot 2023-07-09 at 18.41.13.png"; sourceTree = "<group>"; };
		29E85A322A5AC83200078980 /* SecondScreenViewController.swift */ = {isa = PBXFileReference; lastKnownFileType = sourcecode.swift; path = SecondScreenViewController.swift; sourceTree = "<group>"; };
		29E85A342A5ADBFE00078980 /* MovementElement.swift */ = {isa = PBXFileReference; lastKnownFileType = sourcecode.swift; path = MovementElement.swift; sourceTree = "<group>"; };
		29E85A362A5ADC3500078980 /* GameResult.swift */ = {isa = PBXFileReference; lastKnownFileType = sourcecode.swift; path = GameResult.swift; sourceTree = "<group>"; };
/* End PBXFileReference section */

/* Begin PBXFrameworksBuildPhase section */
		2927E8962A59893E00064BB7 /* Frameworks */ = {
			isa = PBXFrameworksBuildPhase;
			buildActionMask = 2147483647;
			files = (
			);
			runOnlyForDeploymentPostprocessing = 0;
		};
		2927E8AC2A59894000064BB7 /* Frameworks */ = {
			isa = PBXFrameworksBuildPhase;
			buildActionMask = 2147483647;
			files = (
			);
			runOnlyForDeploymentPostprocessing = 0;
		};
		2927E8B62A59894000064BB7 /* Frameworks */ = {
			isa = PBXFrameworksBuildPhase;
			buildActionMask = 2147483647;
			files = (
			);
			runOnlyForDeploymentPostprocessing = 0;
		};
/* End PBXFrameworksBuildPhase section */

/* Begin PBXGroup section */
		2927E8902A59893E00064BB7 = {
			isa = PBXGroup;
			children = (
				29DD08F32A5B09C000D69859 /* readme.md */,
				29DD09002A5B0CA900D69859 /* Screenshot 2023-07-09 at 18.41.13.png */,
				29DD08FC2A5B0C5700D69859 /* Screenshot 2023-07-09 at 18.27.02.png */,
				29DD08FE2A5B0C5B00D69859 /* Screenshot 2023-07-09 at 18.27.31.png */,
				29DD08FF2A5B0C5D00D69859 /* Screenshot 2023-07-09 at 18.28.03.png */,
				2927E89B2A59893E00064BB7 /* RockPaperScissors */,
				2927E8B22A59894000064BB7 /* RockPaperScissorsTests */,
				2927E8BC2A59894000064BB7 /* RockPaperScissorsUITests */,
				2927E89A2A59893E00064BB7 /* Products */,
			);
			sourceTree = "<group>";
		};
		2927E89A2A59893E00064BB7 /* Products */ = {
			isa = PBXGroup;
			children = (
				2927E8992A59893E00064BB7 /* RockPaperScissors.app */,
				2927E8AF2A59894000064BB7 /* RockPaperScissorsTests.xctest */,
				2927E8B92A59894000064BB7 /* RockPaperScissorsUITests.xctest */,
			);
			name = Products;
			sourceTree = "<group>";
		};
		2927E89B2A59893E00064BB7 /* RockPaperScissors */ = {
			isa = PBXGroup;
			children = (
				2927E8CE2A59B91300064BB7 /* Assets.xcassets */,
				2927E89C2A59893E00064BB7 /* AppDelegate.swift */,
				2927E89E2A59893E00064BB7 /* SceneDelegate.swift */,
				2927E8A02A59893E00064BB7 /* ViewController.swift */,
				2927E8A22A59893E00064BB7 /* Main.storyboard */,
				2927E8A72A59893F00064BB7 /* LaunchScreen.storyboard */,
				2927E8AA2A59893F00064BB7 /* Info.plist */,
				29E85A322A5AC83200078980 /* SecondScreenViewController.swift */,
				29E85A342A5ADBFE00078980 /* MovementElement.swift */,
				29E85A362A5ADC3500078980 /* GameResult.swift */,
			);
			path = RockPaperScissors;
			sourceTree = "<group>";
		};
		2927E8B22A59894000064BB7 /* RockPaperScissorsTests */ = {
			isa = PBXGroup;
			children = (
				2927E8B32A59894000064BB7 /* RockPaperScissorsTests.swift */,
			);
			path = RockPaperScissorsTests;
			sourceTree = "<group>";
		};
		2927E8BC2A59894000064BB7 /* RockPaperScissorsUITests */ = {
			isa = PBXGroup;
			children = (
				2927E8BD2A59894000064BB7 /* RockPaperScissorsUITests.swift */,
				2927E8BF2A59894000064BB7 /* RockPaperScissorsUITestsLaunchTests.swift */,
			);
			path = RockPaperScissorsUITests;
			sourceTree = "<group>";
		};
/* End PBXGroup section */

/* Begin PBXNativeTarget section */
		2927E8982A59893E00064BB7 /* RockPaperScissors */ = {
			isa = PBXNativeTarget;
			buildConfigurationList = 2927E8C32A59894000064BB7 /* Build configuration list for PBXNativeTarget "RockPaperScissors" */;
			buildPhases = (
				2927E8952A59893E00064BB7 /* Sources */,
				2927E8962A59893E00064BB7 /* Frameworks */,
				2927E8972A59893E00064BB7 /* Resources */,
			);
			buildRules = (
			);
			dependencies = (
			);
			name = RockPaperScissors;
			productName = RockPaperScissors;
			productReference = 2927E8992A59893E00064BB7 /* RockPaperScissors.app */;
			productType = "com.apple.product-type.application";
		};
		2927E8AE2A59894000064BB7 /* RockPaperScissorsTests */ = {
			isa = PBXNativeTarget;
			buildConfigurationList = 2927E8C62A59894000064BB7 /* Build configuration list for PBXNativeTarget "RockPaperScissorsTests" */;
			buildPhases = (
				2927E8AB2A59894000064BB7 /* Sources */,
				2927E8AC2A59894000064BB7 /* Frameworks */,
				2927E8AD2A59894000064BB7 /* Resources */,
			);
			buildRules = (
			);
			dependencies = (
				2927E8B12A59894000064BB7 /* PBXTargetDependency */,
			);
			name = RockPaperScissorsTests;
			productName = RockPaperScissorsTests;
			productReference = 2927E8AF2A59894000064BB7 /* RockPaperScissorsTests.xctest */;
			productType = "com.apple.product-type.bundle.unit-test";
		};
		2927E8B82A59894000064BB7 /* RockPaperScissorsUITests */ = {
			isa = PBXNativeTarget;
			buildConfigurationList = 2927E8C92A59894000064BB7 /* Build configuration list for PBXNativeTarget "RockPaperScissorsUITests" */;
			buildPhases = (
				2927E8B52A59894000064BB7 /* Sources */,
				2927E8B62A59894000064BB7 /* Frameworks */,
				2927E8B72A59894000064BB7 /* Resources */,
			);
			buildRules = (
			);
			dependencies = (
				2927E8BB2A59894000064BB7 /* PBXTargetDependency */,
			);
			name = RockPaperScissorsUITests;
			productName = RockPaperScissorsUITests;
			productReference = 2927E8B92A59894000064BB7 /* RockPaperScissorsUITests.xctest */;
			productType = "com.apple.product-type.bundle.ui-testing";
		};
/* End PBXNativeTarget section */

/* Begin PBXProject section */
		2927E8912A59893E00064BB7 /* Project object */ = {
			isa = PBXProject;
			attributes = {
				BuildIndependentTargetsInParallel = 1;
				LastSwiftUpdateCheck = 1430;
				LastUpgradeCheck = 1430;
				TargetAttributes = {
					2927E8982A59893E00064BB7 = {
						CreatedOnToolsVersion = 14.3.1;
					};
					2927E8AE2A59894000064BB7 = {
						CreatedOnToolsVersion = 14.3.1;
						TestTargetID = 2927E8982A59893E00064BB7;
					};
					2927E8B82A59894000064BB7 = {
						CreatedOnToolsVersion = 14.3.1;
						TestTargetID = 2927E8982A59893E00064BB7;
					};
				};
			};
			buildConfigurationList = 2927E8942A59893E00064BB7 /* Build configuration list for PBXProject "RockPaperScissors" */;
			compatibilityVersion = "Xcode 14.0";
			developmentRegion = en;
			hasScannedForEncodings = 0;
			knownRegions = (
				en,
				Base,
			);
			mainGroup = 2927E8902A59893E00064BB7;
			productRefGroup = 2927E89A2A59893E00064BB7 /* Products */;
			projectDirPath = "";
			projectRoot = "";
			targets = (
				2927E8982A59893E00064BB7 /* RockPaperScissors */,
				2927E8AE2A59894000064BB7 /* RockPaperScissorsTests */,
				2927E8B82A59894000064BB7 /* RockPaperScissorsUITests */,
			);
		};
/* End PBXProject section */

/* Begin PBXResourcesBuildPhase section */
		2927E8972A59893E00064BB7 /* Resources */ = {
			isa = PBXResourcesBuildPhase;
			buildActionMask = 2147483647;
			files = (
				2927E8A92A59893F00064BB7 /* LaunchScreen.storyboard in Resources */,
				2927E8CF2A59B91300064BB7 /* Assets.xcassets in Resources */,
				29DD09012A5B0CA900D69859 /* Screenshot 2023-07-09 at 18.41.13.png in Resources */,
				2927E8A42A59893E00064BB7 /* Main.storyboard in Resources */,
			);
			runOnlyForDeploymentPostprocessing = 0;
		};
		2927E8AD2A59894000064BB7 /* Resources */ = {
			isa = PBXResourcesBuildPhase;
			buildActionMask = 2147483647;
			files = (
			);
			runOnlyForDeploymentPostprocessing = 0;
		};
		2927E8B72A59894000064BB7 /* Resources */ = {
			isa = PBXResourcesBuildPhase;
			buildActionMask = 2147483647;
			files = (
			);
			runOnlyForDeploymentPostprocessing = 0;
		};
/* End PBXResourcesBuildPhase section */

/* Begin PBXSourcesBuildPhase section */
		2927E8952A59893E00064BB7 /* Sources */ = {
			isa = PBXSourcesBuildPhase;
			buildActionMask = 2147483647;
			files = (
				29E85A332A5AC83200078980 /* SecondScreenViewController.swift in Sources */,
				2927E8A12A59893E00064BB7 /* ViewController.swift in Sources */,
				29E85A372A5ADC3500078980 /* GameResult.swift in Sources */,
				2927E89D2A59893E00064BB7 /* AppDelegate.swift in Sources */,
				2927E89F2A59893E00064BB7 /* SceneDelegate.swift in Sources */,
				29E85A352A5ADBFF00078980 /* MovementElement.swift in Sources */,
			);
			runOnlyForDeploymentPostprocessing = 0;
		};
		2927E8AB2A59894000064BB7 /* Sources */ = {
			isa = PBXSourcesBuildPhase;
			buildActionMask = 2147483647;
			files = (
				2927E8B42A59894000064BB7 /* RockPaperScissorsTests.swift in Sources */,
			);
			runOnlyForDeploymentPostprocessing = 0;
		};
		2927E8B52A59894000064BB7 /* Sources */ = {
			isa = PBXSourcesBuildPhase;
			buildActionMask = 2147483647;
			files = (
				2927E8BE2A59894000064BB7 /* RockPaperScissorsUITests.swift in Sources */,
				2927E8C02A59894000064BB7 /* RockPaperScissorsUITestsLaunchTests.swift in Sources */,
			);
			runOnlyForDeploymentPostprocessing = 0;
		};
/* End PBXSourcesBuildPhase section */

/* Begin PBXTargetDependency section */
		2927E8B12A59894000064BB7 /* PBXTargetDependency */ = {
			isa = PBXTargetDependency;
			target = 2927E8982A59893E00064BB7 /* RockPaperScissors */;
			targetProxy = 2927E8B02A59894000064BB7 /* PBXContainerItemProxy */;
		};
		2927E8BB2A59894000064BB7 /* PBXTargetDependency */ = {
			isa = PBXTargetDependency;
			target = 2927E8982A59893E00064BB7 /* RockPaperScissors */;
			targetProxy = 2927E8BA2A59894000064BB7 /* PBXContainerItemProxy */;
		};
/* End PBXTargetDependency section */

/* Begin PBXVariantGroup section */
		2927E8A22A59893E00064BB7 /* Main.storyboard */ = {
			isa = PBXVariantGroup;
			children = (
				2927E8A32A59893E00064BB7 /* Base */,
			);
			name = Main.storyboard;
			sourceTree = "<group>";
		};
		2927E8A72A59893F00064BB7 /* LaunchScreen.storyboard */ = {
			isa = PBXVariantGroup;
			children = (
				2927E8A82A59893F00064BB7 /* Base */,
			);
			name = LaunchScreen.storyboard;
			sourceTree = "<group>";
		};
/* End PBXVariantGroup section */

/* Begin XCBuildConfiguration section */
		2927E8C12A59894000064BB7 /* Debug */ = {
			isa = XCBuildConfiguration;
			buildSettings = {
				ALWAYS_SEARCH_USER_PATHS = NO;
				CLANG_ANALYZER_NONNULL = YES;
				CLANG_ANALYZER_NUMBER_OBJECT_CONVERSION = YES_AGGRESSIVE;
				CLANG_CXX_LANGUAGE_STANDARD = "gnu++20";
				CLANG_ENABLE_MODULES = YES;
				CLANG_ENABLE_OBJC_ARC = YES;
				CLANG_ENABLE_OBJC_WEAK = YES;
				CLANG_WARN_BLOCK_CAPTURE_AUTORELEASING = YES;
				CLANG_WARN_BOOL_CONVERSION = YES;
				CLANG_WARN_COMMA = YES;
				CLANG_WARN_CONSTANT_CONVERSION = YES;
				CLANG_WARN_DEPRECATED_OBJC_IMPLEMENTATIONS = YES;
				CLANG_WARN_DIRECT_OBJC_ISA_USAGE = YES_ERROR;
				CLANG_WARN_DOCUMENTATION_COMMENTS = YES;
				CLANG_WARN_EMPTY_BODY = YES;
				CLANG_WARN_ENUM_CONVERSION = YES;
				CLANG_WARN_INFINITE_RECURSION = YES;
				CLANG_WARN_INT_CONVERSION = YES;
				CLANG_WARN_NON_LITERAL_NULL_CONVERSION = YES;
				CLANG_WARN_OBJC_IMPLICIT_RETAIN_SELF = YES;
				CLANG_WARN_OBJC_LITERAL_CONVERSION = YES;
				CLANG_WARN_OBJC_ROOT_CLASS = YES_ERROR;
				CLANG_WARN_QUOTED_INCLUDE_IN_FRAMEWORK_HEADER = YES;
				CLANG_WARN_RANGE_LOOP_ANALYSIS = YES;
				CLANG_WARN_STRICT_PROTOTYPES = YES;
				CLANG_WARN_SUSPICIOUS_MOVE = YES;
				CLANG_WARN_UNGUARDED_AVAILABILITY = YES_AGGRESSIVE;
				CLANG_WARN_UNREACHABLE_CODE = YES;
				CLANG_WARN__DUPLICATE_METHOD_MATCH = YES;
				COPY_PHASE_STRIP = NO;
				DEBUG_INFORMATION_FORMAT = dwarf;
				ENABLE_STRICT_OBJC_MSGSEND = YES;
				ENABLE_TESTABILITY = YES;
				GCC_C_LANGUAGE_STANDARD = gnu11;
				GCC_DYNAMIC_NO_PIC = NO;
				GCC_NO_COMMON_BLOCKS = YES;
				GCC_OPTIMIZATION_LEVEL = 0;
				GCC_PREPROCESSOR_DEFINITIONS = (
					"DEBUG=1",
					"$(inherited)",
				);
				GCC_WARN_64_TO_32_BIT_CONVERSION = YES;
				GCC_WARN_ABOUT_RETURN_TYPE = YES_ERROR;
				GCC_WARN_UNDECLARED_SELECTOR = YES;
				GCC_WARN_UNINITIALIZED_AUTOS = YES_AGGRESSIVE;
				GCC_WARN_UNUSED_FUNCTION = YES;
				GCC_WARN_UNUSED_VARIABLE = YES;
				IPHONEOS_DEPLOYMENT_TARGET = 16.4;
				MTL_ENABLE_DEBUG_INFO = INCLUDE_SOURCE;
				MTL_FAST_MATH = YES;
				ONLY_ACTIVE_ARCH = YES;
				SDKROOT = iphoneos;
				SWIFT_ACTIVE_COMPILATION_CONDITIONS = DEBUG;
				SWIFT_OPTIMIZATION_LEVEL = "-Onone";
			};
			name = Debug;
		};
		2927E8C22A59894000064BB7 /* Release */ = {
			isa = XCBuildConfiguration;
			buildSettings = {
				ALWAYS_SEARCH_USER_PATHS = NO;
				CLANG_ANALYZER_NONNULL = YES;
				CLANG_ANALYZER_NUMBER_OBJECT_CONVERSION = YES_AGGRESSIVE;
				CLANG_CXX_LANGUAGE_STANDARD = "gnu++20";
				CLANG_ENABLE_MODULES = YES;
				CLANG_ENABLE_OBJC_ARC = YES;
				CLANG_ENABLE_OBJC_WEAK = YES;
				CLANG_WARN_BLOCK_CAPTURE_AUTORELEASING = YES;
				CLANG_WARN_BOOL_CONVERSION = YES;
				CLANG_WARN_COMMA = YES;
				CLANG_WARN_CONSTANT_CONVERSION = YES;
				CLANG_WARN_DEPRECATED_OBJC_IMPLEMENTATIONS = YES;
				CLANG_WARN_DIRECT_OBJC_ISA_USAGE = YES_ERROR;
				CLANG_WARN_DOCUMENTATION_COMMENTS = YES;
				CLANG_WARN_EMPTY_BODY = YES;
				CLANG_WARN_ENUM_CONVERSION = YES;
				CLANG_WARN_INFINITE_RECURSION = YES;
				CLANG_WARN_INT_CONVERSION = YES;
				CLANG_WARN_NON_LITERAL_NULL_CONVERSION = YES;
				CLANG_WARN_OBJC_IMPLICIT_RETAIN_SELF = YES;
				CLANG_WARN_OBJC_LITERAL_CONVERSION = YES;
				CLANG_WARN_OBJC_ROOT_CLASS = YES_ERROR;
				CLANG_WARN_QUOTED_INCLUDE_IN_FRAMEWORK_HEADER = YES;
				CLANG_WARN_RANGE_LOOP_ANALYSIS = YES;
				CLANG_WARN_STRICT_PROTOTYPES = YES;
				CLANG_WARN_SUSPICIOUS_MOVE = YES;
				CLANG_WARN_UNGUARDED_AVAILABILITY = YES_AGGRESSIVE;
				CLANG_WARN_UNREACHABLE_CODE = YES;
				CLANG_WARN__DUPLICATE_METHOD_MATCH = YES;
				COPY_PHASE_STRIP = NO;
				DEBUG_INFORMATION_FORMAT = "dwarf-with-dsym";
				ENABLE_NS_ASSERTIONS = NO;
				ENABLE_STRICT_OBJC_MSGSEND = YES;
				GCC_C_LANGUAGE_STANDARD = gnu11;
				GCC_NO_COMMON_BLOCKS = YES;
				GCC_WARN_64_TO_32_BIT_CONVERSION = YES;
				GCC_WARN_ABOUT_RETURN_TYPE = YES_ERROR;
				GCC_WARN_UNDECLARED_SELECTOR = YES;
				GCC_WARN_UNINITIALIZED_AUTOS = YES_AGGRESSIVE;
				GCC_WARN_UNUSED_FUNCTION = YES;
				GCC_WARN_UNUSED_VARIABLE = YES;
				IPHONEOS_DEPLOYMENT_TARGET = 16.4;
				MTL_ENABLE_DEBUG_INFO = NO;
				MTL_FAST_MATH = YES;
				SDKROOT = iphoneos;
				SWIFT_COMPILATION_MODE = wholemodule;
				SWIFT_OPTIMIZATION_LEVEL = "-O";
				VALIDATE_PRODUCT = YES;
			};
			name = Release;
		};
		2927E8C42A59894000064BB7 /* Debug */ = {
			isa = XCBuildConfiguration;
			buildSettings = {
				ASSETCATALOG_COMPILER_APPICON_NAME = AppIcon;
				ASSETCATALOG_COMPILER_GLOBAL_ACCENT_COLOR_NAME = AccentColor;
				CODE_SIGN_STYLE = Automatic;
				CURRENT_PROJECT_VERSION = 1;
				GENERATE_INFOPLIST_FILE = YES;
				INFOPLIST_FILE = RockPaperScissors/Info.plist;
				INFOPLIST_KEY_UIApplicationSupportsIndirectInputEvents = YES;
				INFOPLIST_KEY_UILaunchStoryboardName = LaunchScreen;
				INFOPLIST_KEY_UIMainStoryboardFile = Main;
				INFOPLIST_KEY_UISupportedInterfaceOrientations_iPad = "UIInterfaceOrientationPortrait UIInterfaceOrientationPortraitUpsideDown UIInterfaceOrientationLandscapeLeft UIInterfaceOrientationLandscapeRight";
				INFOPLIST_KEY_UISupportedInterfaceOrientations_iPhone = "UIInterfaceOrientationPortrait UIInterfaceOrientationLandscapeLeft UIInterfaceOrientationLandscapeRight";
				LD_RUNPATH_SEARCH_PATHS = (
					"$(inherited)",
					"@executable_path/Frameworks",
				);
				MARKETING_VERSION = 1.0;
				PRODUCT_BUNDLE_IDENTIFIER = yesiltas.RockPaperScissors;
				PRODUCT_NAME = "$(TARGET_NAME)";
				SWIFT_EMIT_LOC_STRINGS = YES;
				SWIFT_VERSION = 5.0;
				TARGETED_DEVICE_FAMILY = "1,2";
			};
			name = Debug;
		};
		2927E8C52A59894000064BB7 /* Release */ = {
			isa = XCBuildConfiguration;
			buildSettings = {
				ASSETCATALOG_COMPILER_APPICON_NAME = AppIcon;
				ASSETCATALOG_COMPILER_GLOBAL_ACCENT_COLOR_NAME = AccentColor;
				CODE_SIGN_STYLE = Automatic;
				CURRENT_PROJECT_VERSION = 1;
				GENERATE_INFOPLIST_FILE = YES;
				INFOPLIST_FILE = RockPaperScissors/Info.plist;
				INFOPLIST_KEY_UIApplicationSupportsIndirectInputEvents = YES;
				INFOPLIST_KEY_UILaunchStoryboardName = LaunchScreen;
				INFOPLIST_KEY_UIMainStoryboardFile = Main;
				INFOPLIST_KEY_UISupportedInterfaceOrientations_iPad = "UIInterfaceOrientationPortrait UIInterfaceOrientationPortraitUpsideDown UIInterfaceOrientationLandscapeLeft UIInterfaceOrientationLandscapeRight";
				INFOPLIST_KEY_UISupportedInterfaceOrientations_iPhone = "UIInterfaceOrientationPortrait UIInterfaceOrientationLandscapeLeft UIInterfaceOrientationLandscapeRight";
				LD_RUNPATH_SEARCH_PATHS = (
					"$(inherited)",
					"@executable_path/Frameworks",
				);
				MARKETING_VERSION = 1.0;
				PRODUCT_BUNDLE_IDENTIFIER = yesiltas.RockPaperScissors;
				PRODUCT_NAME = "$(TARGET_NAME)";
				SWIFT_EMIT_LOC_STRINGS = YES;
				SWIFT_VERSION = 5.0;
				TARGETED_DEVICE_FAMILY = "1,2";
			};
			name = Release;
		};
		2927E8C72A59894000064BB7 /* Debug */ = {
			isa = XCBuildConfiguration;
			buildSettings = {
				ALWAYS_EMBED_SWIFT_STANDARD_LIBRARIES = YES;
				BUNDLE_LOADER = "$(TEST_HOST)";
				CODE_SIGN_STYLE = Automatic;
				CURRENT_PROJECT_VERSION = 1;
				GENERATE_INFOPLIST_FILE = YES;
				IPHONEOS_DEPLOYMENT_TARGET = 16.4;
				MARKETING_VERSION = 1.0;
				PRODUCT_BUNDLE_IDENTIFIER = yesiltas.RockPaperScissorsTests;
				PRODUCT_NAME = "$(TARGET_NAME)";
				SWIFT_EMIT_LOC_STRINGS = NO;
				SWIFT_VERSION = 5.0;
				TARGETED_DEVICE_FAMILY = "1,2";
				TEST_HOST = "$(BUILT_PRODUCTS_DIR)/RockPaperScissors.app/$(BUNDLE_EXECUTABLE_FOLDER_PATH)/RockPaperScissors";
			};
			name = Debug;
		};
		2927E8C82A59894000064BB7 /* Release */ = {
			isa = XCBuildConfiguration;
			buildSettings = {
				ALWAYS_EMBED_SWIFT_STANDARD_LIBRARIES = YES;
				BUNDLE_LOADER = "$(TEST_HOST)";
				CODE_SIGN_STYLE = Automatic;
				CURRENT_PROJECT_VERSION = 1;
				GENERATE_INFOPLIST_FILE = YES;
				IPHONEOS_DEPLOYMENT_TARGET = 16.4;
				MARKETING_VERSION = 1.0;
				PRODUCT_BUNDLE_IDENTIFIER = yesiltas.RockPaperScissorsTests;
				PRODUCT_NAME = "$(TARGET_NAME)";
				SWIFT_EMIT_LOC_STRINGS = NO;
				SWIFT_VERSION = 5.0;
				TARGETED_DEVICE_FAMILY = "1,2";
				TEST_HOST = "$(BUILT_PRODUCTS_DIR)/RockPaperScissors.app/$(BUNDLE_EXECUTABLE_FOLDER_PATH)/RockPaperScissors";
			};
			name = Release;
		};
		2927E8CA2A59894000064BB7 /* Debug */ = {
			isa = XCBuildConfiguration;
			buildSettings = {
				ALWAYS_EMBED_SWIFT_STANDARD_LIBRARIES = YES;
				CODE_SIGN_STYLE = Automatic;
				CURRENT_PROJECT_VERSION = 1;
				GENERATE_INFOPLIST_FILE = YES;
				MARKETING_VERSION = 1.0;
				PRODUCT_BUNDLE_IDENTIFIER = yesiltas.RockPaperScissorsUITests;
				PRODUCT_NAME = "$(TARGET_NAME)";
				SWIFT_EMIT_LOC_STRINGS = NO;
				SWIFT_VERSION = 5.0;
				TARGETED_DEVICE_FAMILY = "1,2";
				TEST_TARGET_NAME = RockPaperScissors;
			};
			name = Debug;
		};
		2927E8CB2A59894000064BB7 /* Release */ = {
			isa = XCBuildConfiguration;
			buildSettings = {
				ALWAYS_EMBED_SWIFT_STANDARD_LIBRARIES = YES;
				CODE_SIGN_STYLE = Automatic;
				CURRENT_PROJECT_VERSION = 1;
				GENERATE_INFOPLIST_FILE = YES;
				MARKETING_VERSION = 1.0;
				PRODUCT_BUNDLE_IDENTIFIER = yesiltas.RockPaperScissorsUITests;
				PRODUCT_NAME = "$(TARGET_NAME)";
				SWIFT_EMIT_LOC_STRINGS = NO;
				SWIFT_VERSION = 5.0;
				TARGETED_DEVICE_FAMILY = "1,2";
				TEST_TARGET_NAME = RockPaperScissors;
			};
			name = Release;
		};
/* End XCBuildConfiguration section */

/* Begin XCConfigurationList section */
		2927E8942A59893E00064BB7 /* Build configuration list for PBXProject "RockPaperScissors" */ = {
			isa = XCConfigurationList;
			buildConfigurations = (
				2927E8C12A59894000064BB7 /* Debug */,
				2927E8C22A59894000064BB7 /* Release */,
			);
			defaultConfigurationIsVisible = 0;
			defaultConfigurationName = Release;
		};
		2927E8C32A59894000064BB7 /* Build configuration list for PBXNativeTarget "RockPaperScissors" */ = {
			isa = XCConfigurationList;
			buildConfigurations = (
				2927E8C42A59894000064BB7 /* Debug */,
				2927E8C52A59894000064BB7 /* Release */,
			);
			defaultConfigurationIsVisible = 0;
			defaultConfigurationName = Release;
		};
		2927E8C62A59894000064BB7 /* Build configuration list for PBXNativeTarget "RockPaperScissorsTests" */ = {
			isa = XCConfigurationList;
			buildConfigurations = (
				2927E8C72A59894000064BB7 /* Debug */,
				2927E8C82A59894000064BB7 /* Release */,
			);
			defaultConfigurationIsVisible = 0;
			defaultConfigurationName = Release;
		};
		2927E8C92A59894000064BB7 /* Build configuration list for PBXNativeTarget "RockPaperScissorsUITests" */ = {
			isa = XCConfigurationList;
			buildConfigurations = (
				2927E8CA2A59894000064BB7 /* Debug */,
				2927E8CB2A59894000064BB7 /* Release */,
			);
			defaultConfigurationIsVisible = 0;
			defaultConfigurationName = Release;
		};
/* End XCConfigurationList section */
	};
	rootObject = 2927E8912A59893E00064BB7 /* Project object */;
}
